
Microsoft Visual Studio Solution File, Format Version 12.00
# Visual Studio Version 17
VisualStudioVersion = 17.12.35521.163
MinimumVisualStudioVersion = 10.0.40219.1
Project("{FAE04EC0-301F-11D3-BF4B-00C04F79EFBC}") = "CursoCSharp", "Variables\CursoCSharp.csproj", "{366C0939-F5C6-40B7-A4F7-8819FC2155D0}"
EndProject
Project("{FAE04EC0-301F-11D3-BF4B-00C04F79EFBC}") = "04_TipoDeDatos", "2_TipoDeDatos\04_TipoDeDatos.csproj", "{D5EC7AC6-B6DA-408D-BD74-A3D72059C55B}"
EndProject
Project("{FAE04EC0-301F-11D3-BF4B-00C04F79EFBC}") = "05_Funciones", "5_Funciones\05_Funciones.csproj", "{0B1AD6DF-A230-4848-986D-DD045137C17E}"
EndProject
Project("{FAE04EC0-301F-11D3-BF4B-00C04F79EFBC}") = "06_IfElseIf", "6_IfElseIf\06_IfElseIf.csproj", "{B152152C-792E-46E9-9ACA-6A23725E3AD3}"
EndProject
Project("{FAE04EC0-301F-11D3-BF4B-00C04F79EFBC}") = "07_Switch", "7_Switch\07_Switch.csproj", "{7A07CFED-13AE-4FB1-AAF6-D3528D8E47A7}"
EndProject
Project("{FAE04EC0-301F-11D3-BF4B-00C04F79EFBC}") = "08_Arreglos", "8_Arreglos\08_Arreglos.csproj", "{8E86213E-110A-4C34-BF9D-AE1AA68FB8E6}"
EndProject
Project("{FAE04EC0-301F-11D3-BF4B-00C04F79EFBC}") = "09_While", "9_while\09_While.csproj", "{7E0709AF-AD6E-4E21-A4CA-6D0D05634656}"
EndProject
Project("{FAE04EC0-301F-11D3-BF4B-00C04F79EFBC}") = "10_For", "10_For\10_For.csproj", "{3BD6A52B-B50A-40A2-9FA3-0A08A6F6D89E}"
EndProject
Project("{FAE04EC0-301F-11D3-BF4B-00C04F79EFBC}") = "11_ClasesYObjetos", "11_ClasesYObjetos\11_ClasesYObjetos.csproj", "{58700E7F-9FAD-4CF3-AFD3-BF869A8C8F18}"
EndProject
Project("{FAE04EC0-301F-11D3-BF4B-00C04F79EFBC}") = "12_Propiedades", "12_Propiedades\12_Propiedades.csproj", "{B95660DE-794E-4D34-A42C-96D78EA3C0D6}"
EndProject
Project("{FAE04EC0-301F-11D3-BF4B-00C04F79EFBC}") = "13_Herencia", "13_Herencia\13_Herencia.csproj", "{CDAF4693-A83B-496B-BE91-62CD5F9873D4}"
EndProject
Project("{FAE04EC0-301F-11D3-BF4B-00C04F79EFBC}") = "14_Sobrecarga", "14_sobrecarga\14_Sobrecarga.csproj", "{E01553AC-B114-4117-AFDD-A7B45668F17D}"
EndProject
Project("{FAE04EC0-301F-11D3-BF4B-00C04F79EFBC}") = "15_Sobreescritura", "15_Sobreescritura\15_Sobreescritura.csproj", "{7FCF2B3D-E669-4629-8804-6DD175B655FF}"
EndProject
Project("{FAE04EC0-301F-11D3-BF4B-00C04F79EFBC}") = "16_Static", "16_Static\16_Static.csproj", "{2B6E8287-9333-40D9-9D0F-E9762A73CFE0}"
EndProject
Project("{FAE04EC0-301F-11D3-BF4B-00C04F79EFBC}") = "17_Interface", "17_Interface\17_Interface.csproj", "{54F57C5D-E5FA-42C6-83A2-A87FBD1EDF1A}"
EndProject
Project("{FAE04EC0-301F-11D3-BF4B-00C04F79EFBC}") = "18_Generics", "18_Generics\18_Generics.csproj", "{142AAB75-9930-4076-88DF-BDD38B47D396}"
EndProject
Project("{FAE04EC0-301F-11D3-BF4B-00C04F79EFBC}") = "19_JSON", "19_JSON\19_JSON.csproj", "{6EE53D77-BEA5-4940-8080-FA6A1BC82DC0}"
EndProject
Project("{FAE04EC0-301F-11D3-BF4B-00C04F79EFBC}") = "20_SerializarJSON", "20_SerializarJSON\20_SerializarJSON.csproj", "{8A928E31-D7C2-4EFE-8084-0F28637D5E5E}"
EndProject
Project("{FAE04EC0-301F-11D3-BF4B-00C04F79EFBC}") = "21_Listas", "21_Listas\21_Listas.csproj", "{4BEA8A47-B5C5-46FC-AC13-04B4EB578921}"
EndProject
Project("{FAE04EC0-301F-11D3-BF4B-00C04F79EFBC}") = "22_Foreach", "22_Foreach\22_Foreach.csproj", "{954FDE39-5164-4B0C-AEAB-4121973A4EA6}"
EndProject
Project("{FAE04EC0-301F-11D3-BF4B-00C04F79EFBC}") = "23_MetodosListas", "23_MetodosListas\23_MetodosListas.csproj", "{BC896219-370E-4D37-9ECA-1869C662E774}"
EndProject
Project("{FAE04EC0-301F-11D3-BF4B-00C04F79EFBC}") = "24_TiposAnonimos", "24_TiposAnonimos\24_TiposAnonimos.csproj", "{9CDEA269-3A4C-431C-908F-1C0C00EBD142}"
EndProject
Project("{FAE04EC0-301F-11D3-BF4B-00C04F79EFBC}") = "25_Tuplas", "25_Tuplas\25_Tuplas.csproj", "{1533EF5A-DE04-4E41-A42C-F20B18CC0F4F}"
EndProject
Project("{FAE04EC0-301F-11D3-BF4B-00C04F79EFBC}") = "26_Excepciones", "26_Excepciones\26_Excepciones.csproj", "{3E947ACA-89A0-4F02-A03F-905266797069}"
EndProject
Project("{FAE04EC0-301F-11D3-BF4B-00C04F79EFBC}") = "27_ExcepcionesPersonalizadas", "27_ExcepcionesPersonalizadas\27_ExcepcionesPersonalizadas.csproj", "{4FF3C3AD-A8A3-4356-B2E3-303BE4F3F557}"
EndProject
Project("{FAE04EC0-301F-11D3-BF4B-00C04F79EFBC}") = "28_LINQ", "28_LINQ\28_LINQ.csproj", "{84399EDF-B4B3-4D3F-86F9-E1C786DEB23E}"
EndProject
Project("{FAE04EC0-301F-11D3-BF4B-00C04F79EFBC}") = "29_LINQ_JOIN", "29_LINQ_JOIN\29_LINQ_JOIN.csproj", "{6E10EC53-82D0-4541-BFBF-ABFC611FEB1A}"
EndProject
Project("{FAE04EC0-301F-11D3-BF4B-00C04F79EFBC}") = "31_SQL_Connexion", "31_SQL_Connexion\31_SQL_Connexion.csproj", "{CDC52826-BBFF-441D-93D3-606D4A95DA1B}"
EndProject
Project("{FAE04EC0-301F-11D3-BF4B-00C04F79EFBC}") = "DB", "DB\DB.csproj", "{826CE747-4D43-49A3-B0CE-074074766B25}"
EndProject
Project("{FAE04EC0-301F-11D3-BF4B-00C04F79EFBC}") = "EntityFrameworkSystem", "EntityFrameworkSystem\EntityFrameworkSystem.csproj", "{4369975F-8FF3-4E17-B80B-E0E28AA1044C}"
EndProject
Global
	GlobalSection(SolutionConfigurationPlatforms) = preSolution
		Debug|Any CPU = Debug|Any CPU
		Release|Any CPU = Release|Any CPU
	EndGlobalSection
	GlobalSection(ProjectConfigurationPlatforms) = postSolution
		{366C0939-F5C6-40B7-A4F7-8819FC2155D0}.Debug|Any CPU.ActiveCfg = Debug|Any CPU
		{366C0939-F5C6-40B7-A4F7-8819FC2155D0}.Debug|Any CPU.Build.0 = Debug|Any CPU
		{366C0939-F5C6-40B7-A4F7-8819FC2155D0}.Release|Any CPU.ActiveCfg = Release|Any CPU
		{366C0939-F5C6-40B7-A4F7-8819FC2155D0}.Release|Any CPU.Build.0 = Release|Any CPU
		{D5EC7AC6-B6DA-408D-BD74-A3D72059C55B}.Debug|Any CPU.ActiveCfg = Debug|Any CPU
		{D5EC7AC6-B6DA-408D-BD74-A3D72059C55B}.Debug|Any CPU.Build.0 = Debug|Any CPU
		{D5EC7AC6-B6DA-408D-BD74-A3D72059C55B}.Release|Any CPU.ActiveCfg = Release|Any CPU
		{D5EC7AC6-B6DA-408D-BD74-A3D72059C55B}.Release|Any CPU.Build.0 = Release|Any CPU
		{0B1AD6DF-A230-4848-986D-DD045137C17E}.Debug|Any CPU.ActiveCfg = Debug|Any CPU
		{0B1AD6DF-A230-4848-986D-DD045137C17E}.Debug|Any CPU.Build.0 = Debug|Any CPU
		{0B1AD6DF-A230-4848-986D-DD045137C17E}.Release|Any CPU.ActiveCfg = Release|Any CPU
		{0B1AD6DF-A230-4848-986D-DD045137C17E}.Release|Any CPU.Build.0 = Release|Any CPU
		{B152152C-792E-46E9-9ACA-6A23725E3AD3}.Debug|Any CPU.ActiveCfg = Debug|Any CPU
		{B152152C-792E-46E9-9ACA-6A23725E3AD3}.Debug|Any CPU.Build.0 = Debug|Any CPU
		{B152152C-792E-46E9-9ACA-6A23725E3AD3}.Release|Any CPU.ActiveCfg = Release|Any CPU
		{B152152C-792E-46E9-9ACA-6A23725E3AD3}.Release|Any CPU.Build.0 = Release|Any CPU
		{7A07CFED-13AE-4FB1-AAF6-D3528D8E47A7}.Debug|Any CPU.ActiveCfg = Debug|Any CPU
		{7A07CFED-13AE-4FB1-AAF6-D3528D8E47A7}.Debug|Any CPU.Build.0 = Debug|Any CPU
		{7A07CFED-13AE-4FB1-AAF6-D3528D8E47A7}.Release|Any CPU.ActiveCfg = Release|Any CPU
		{7A07CFED-13AE-4FB1-AAF6-D3528D8E47A7}.Release|Any CPU.Build.0 = Release|Any CPU
		{8E86213E-110A-4C34-BF9D-AE1AA68FB8E6}.Debug|Any CPU.ActiveCfg = Debug|Any CPU
		{8E86213E-110A-4C34-BF9D-AE1AA68FB8E6}.Debug|Any CPU.Build.0 = Debug|Any CPU
		{8E86213E-110A-4C34-BF9D-AE1AA68FB8E6}.Release|Any CPU.ActiveCfg = Release|Any CPU
		{8E86213E-110A-4C34-BF9D-AE1AA68FB8E6}.Release|Any CPU.Build.0 = Release|Any CPU
		{7E0709AF-AD6E-4E21-A4CA-6D0D05634656}.Debug|Any CPU.ActiveCfg = Debug|Any CPU
		{7E0709AF-AD6E-4E21-A4CA-6D0D05634656}.Debug|Any CPU.Build.0 = Debug|Any CPU
		{7E0709AF-AD6E-4E21-A4CA-6D0D05634656}.Release|Any CPU.ActiveCfg = Release|Any CPU
		{7E0709AF-AD6E-4E21-A4CA-6D0D05634656}.Release|Any CPU.Build.0 = Release|Any CPU
		{3BD6A52B-B50A-40A2-9FA3-0A08A6F6D89E}.Debug|Any CPU.ActiveCfg = Debug|Any CPU
		{3BD6A52B-B50A-40A2-9FA3-0A08A6F6D89E}.Debug|Any CPU.Build.0 = Debug|Any CPU
		{3BD6A52B-B50A-40A2-9FA3-0A08A6F6D89E}.Release|Any CPU.ActiveCfg = Release|Any CPU
		{3BD6A52B-B50A-40A2-9FA3-0A08A6F6D89E}.Release|Any CPU.Build.0 = Release|Any CPU
		{58700E7F-9FAD-4CF3-AFD3-BF869A8C8F18}.Debug|Any CPU.ActiveCfg = Debug|Any CPU
		{58700E7F-9FAD-4CF3-AFD3-BF869A8C8F18}.Debug|Any CPU.Build.0 = Debug|Any CPU
		{58700E7F-9FAD-4CF3-AFD3-BF869A8C8F18}.Release|Any CPU.ActiveCfg = Release|Any CPU
		{58700E7F-9FAD-4CF3-AFD3-BF869A8C8F18}.Release|Any CPU.Build.0 = Release|Any CPU
		{B95660DE-794E-4D34-A42C-96D78EA3C0D6}.Debug|Any CPU.ActiveCfg = Debug|Any CPU
		{B95660DE-794E-4D34-A42C-96D78EA3C0D6}.Debug|Any CPU.Build.0 = Debug|Any CPU
		{B95660DE-794E-4D34-A42C-96D78EA3C0D6}.Release|Any CPU.ActiveCfg = Release|Any CPU
		{B95660DE-794E-4D34-A42C-96D78EA3C0D6}.Release|Any CPU.Build.0 = Release|Any CPU
		{CDAF4693-A83B-496B-BE91-62CD5F9873D4}.Debug|Any CPU.ActiveCfg = Debug|Any CPU
		{CDAF4693-A83B-496B-BE91-62CD5F9873D4}.Debug|Any CPU.Build.0 = Debug|Any CPU
		{CDAF4693-A83B-496B-BE91-62CD5F9873D4}.Release|Any CPU.ActiveCfg = Release|Any CPU
		{CDAF4693-A83B-496B-BE91-62CD5F9873D4}.Release|Any CPU.Build.0 = Release|Any CPU
		{E01553AC-B114-4117-AFDD-A7B45668F17D}.Debug|Any CPU.ActiveCfg = Debug|Any CPU
		{E01553AC-B114-4117-AFDD-A7B45668F17D}.Debug|Any CPU.Build.0 = Debug|Any CPU
		{E01553AC-B114-4117-AFDD-A7B45668F17D}.Release|Any CPU.ActiveCfg = Release|Any CPU
		{E01553AC-B114-4117-AFDD-A7B45668F17D}.Release|Any CPU.Build.0 = Release|Any CPU
		{7FCF2B3D-E669-4629-8804-6DD175B655FF}.Debug|Any CPU.ActiveCfg = Debug|Any CPU
		{7FCF2B3D-E669-4629-8804-6DD175B655FF}.Debug|Any CPU.Build.0 = Debug|Any CPU
		{7FCF2B3D-E669-4629-8804-6DD175B655FF}.Release|Any CPU.ActiveCfg = Release|Any CPU
		{7FCF2B3D-E669-4629-8804-6DD175B655FF}.Release|Any CPU.Build.0 = Release|Any CPU
		{2B6E8287-9333-40D9-9D0F-E9762A73CFE0}.Debug|Any CPU.ActiveCfg = Debug|Any CPU
		{2B6E8287-9333-40D9-9D0F-E9762A73CFE0}.Debug|Any CPU.Build.0 = Debug|Any CPU
		{2B6E8287-9333-40D9-9D0F-E9762A73CFE0}.Release|Any CPU.ActiveCfg = Release|Any CPU
		{2B6E8287-9333-40D9-9D0F-E9762A73CFE0}.Release|Any CPU.Build.0 = Release|Any CPU
		{54F57C5D-E5FA-42C6-83A2-A87FBD1EDF1A}.Debug|Any CPU.ActiveCfg = Debug|Any CPU
		{54F57C5D-E5FA-42C6-83A2-A87FBD1EDF1A}.Debug|Any CPU.Build.0 = Debug|Any CPU
		{54F57C5D-E5FA-42C6-83A2-A87FBD1EDF1A}.Release|Any CPU.ActiveCfg = Release|Any CPU
		{54F57C5D-E5FA-42C6-83A2-A87FBD1EDF1A}.Release|Any CPU.Build.0 = Release|Any CPU
		{142AAB75-9930-4076-88DF-BDD38B47D396}.Debug|Any CPU.ActiveCfg = Debug|Any CPU
		{142AAB75-9930-4076-88DF-BDD38B47D396}.Debug|Any CPU.Build.0 = Debug|Any CPU
		{142AAB75-9930-4076-88DF-BDD38B47D396}.Release|Any CPU.ActiveCfg = Release|Any CPU
		{142AAB75-9930-4076-88DF-BDD38B47D396}.Release|Any CPU.Build.0 = Release|Any CPU
		{6EE53D77-BEA5-4940-8080-FA6A1BC82DC0}.Debug|Any CPU.ActiveCfg = Debug|Any CPU
		{6EE53D77-BEA5-4940-8080-FA6A1BC82DC0}.Debug|Any CPU.Build.0 = Debug|Any CPU
		{6EE53D77-BEA5-4940-8080-FA6A1BC82DC0}.Release|Any CPU.ActiveCfg = Release|Any CPU
		{6EE53D77-BEA5-4940-8080-FA6A1BC82DC0}.Release|Any CPU.Build.0 = Release|Any CPU
		{8A928E31-D7C2-4EFE-8084-0F28637D5E5E}.Debug|Any CPU.ActiveCfg = Debug|Any CPU
		{8A928E31-D7C2-4EFE-8084-0F28637D5E5E}.Debug|Any CPU.Build.0 = Debug|Any CPU
		{8A928E31-D7C2-4EFE-8084-0F28637D5E5E}.Release|Any CPU.ActiveCfg = Release|Any CPU
		{8A928E31-D7C2-4EFE-8084-0F28637D5E5E}.Release|Any CPU.Build.0 = Release|Any CPU
		{4BEA8A47-B5C5-46FC-AC13-04B4EB578921}.Debug|Any CPU.ActiveCfg = Debug|Any CPU
		{4BEA8A47-B5C5-46FC-AC13-04B4EB578921}.Debug|Any CPU.Build.0 = Debug|Any CPU
		{4BEA8A47-B5C5-46FC-AC13-04B4EB578921}.Release|Any CPU.ActiveCfg = Release|Any CPU
		{4BEA8A47-B5C5-46FC-AC13-04B4EB578921}.Release|Any CPU.Build.0 = Release|Any CPU
		{954FDE39-5164-4B0C-AEAB-4121973A4EA6}.Debug|Any CPU.ActiveCfg = Debug|Any CPU
		{954FDE39-5164-4B0C-AEAB-4121973A4EA6}.Debug|Any CPU.Build.0 = Debug|Any CPU
		{954FDE39-5164-4B0C-AEAB-4121973A4EA6}.Release|Any CPU.ActiveCfg = Release|Any CPU
		{954FDE39-5164-4B0C-AEAB-4121973A4EA6}.Release|Any CPU.Build.0 = Release|Any CPU
		{BC896219-370E-4D37-9ECA-1869C662E774}.Debug|Any CPU.ActiveCfg = Debug|Any CPU
		{BC896219-370E-4D37-9ECA-1869C662E774}.Debug|Any CPU.Build.0 = Debug|Any CPU
		{BC896219-370E-4D37-9ECA-1869C662E774}.Release|Any CPU.ActiveCfg = Release|Any CPU
		{BC896219-370E-4D37-9ECA-1869C662E774}.Release|Any CPU.Build.0 = Release|Any CPU
		{9CDEA269-3A4C-431C-908F-1C0C00EBD142}.Debug|Any CPU.ActiveCfg = Debug|Any CPU
		{9CDEA269-3A4C-431C-908F-1C0C00EBD142}.Debug|Any CPU.Build.0 = Debug|Any CPU
		{9CDEA269-3A4C-431C-908F-1C0C00EBD142}.Release|Any CPU.ActiveCfg = Release|Any CPU
		{9CDEA269-3A4C-431C-908F-1C0C00EBD142}.Release|Any CPU.Build.0 = Release|Any CPU
		{1533EF5A-DE04-4E41-A42C-F20B18CC0F4F}.Debug|Any CPU.ActiveCfg = Debug|Any CPU
		{1533EF5A-DE04-4E41-A42C-F20B18CC0F4F}.Debug|Any CPU.Build.0 = Debug|Any CPU
		{1533EF5A-DE04-4E41-A42C-F20B18CC0F4F}.Release|Any CPU.ActiveCfg = Release|Any CPU
		{1533EF5A-DE04-4E41-A42C-F20B18CC0F4F}.Release|Any CPU.Build.0 = Release|Any CPU
		{3E947ACA-89A0-4F02-A03F-905266797069}.Debug|Any CPU.ActiveCfg = Debug|Any CPU
		{3E947ACA-89A0-4F02-A03F-905266797069}.Debug|Any CPU.Build.0 = Debug|Any CPU
		{3E947ACA-89A0-4F02-A03F-905266797069}.Release|Any CPU.ActiveCfg = Release|Any CPU
		{3E947ACA-89A0-4F02-A03F-905266797069}.Release|Any CPU.Build.0 = Release|Any CPU
		{4FF3C3AD-A8A3-4356-B2E3-303BE4F3F557}.Debug|Any CPU.ActiveCfg = Debug|Any CPU
		{4FF3C3AD-A8A3-4356-B2E3-303BE4F3F557}.Debug|Any CPU.Build.0 = Debug|Any CPU
		{4FF3C3AD-A8A3-4356-B2E3-303BE4F3F557}.Release|Any CPU.ActiveCfg = Release|Any CPU
		{4FF3C3AD-A8A3-4356-B2E3-303BE4F3F557}.Release|Any CPU.Build.0 = Release|Any CPU
		{84399EDF-B4B3-4D3F-86F9-E1C786DEB23E}.Debug|Any CPU.ActiveCfg = Debug|Any CPU
		{84399EDF-B4B3-4D3F-86F9-E1C786DEB23E}.Debug|Any CPU.Build.0 = Debug|Any CPU
		{84399EDF-B4B3-4D3F-86F9-E1C786DEB23E}.Release|Any CPU.ActiveCfg = Release|Any CPU
		{84399EDF-B4B3-4D3F-86F9-E1C786DEB23E}.Release|Any CPU.Build.0 = Release|Any CPU
		{6E10EC53-82D0-4541-BFBF-ABFC611FEB1A}.Debug|Any CPU.ActiveCfg = Debug|Any CPU
		{6E10EC53-82D0-4541-BFBF-ABFC611FEB1A}.Debug|Any CPU.Build.0 = Debug|Any CPU
		{6E10EC53-82D0-4541-BFBF-ABFC611FEB1A}.Release|Any CPU.ActiveCfg = Release|Any CPU
		{6E10EC53-82D0-4541-BFBF-ABFC611FEB1A}.Release|Any CPU.Build.0 = Release|Any CPU
		{CDC52826-BBFF-441D-93D3-606D4A95DA1B}.Debug|Any CPU.ActiveCfg = Debug|Any CPU
		{CDC52826-BBFF-441D-93D3-606D4A95DA1B}.Debug|Any CPU.Build.0 = Debug|Any CPU
		{CDC52826-BBFF-441D-93D3-606D4A95DA1B}.Release|Any CPU.ActiveCfg = Release|Any CPU
		{CDC52826-BBFF-441D-93D3-606D4A95DA1B}.Release|Any CPU.Build.0 = Release|Any CPU
		{826CE747-4D43-49A3-B0CE-074074766B25}.Debug|Any CPU.ActiveCfg = Debug|Any CPU
		{826CE747-4D43-49A3-B0CE-074074766B25}.Debug|Any CPU.Build.0 = Debug|Any CPU
		{826CE747-4D43-49A3-B0CE-074074766B25}.Release|Any CPU.ActiveCfg = Release|Any CPU
		{826CE747-4D43-49A3-B0CE-074074766B25}.Release|Any CPU.Build.0 = Release|Any CPU
		{4369975F-8FF3-4E17-B80B-E0E28AA1044C}.Debug|Any CPU.ActiveCfg = Debug|Any CPU
		{4369975F-8FF3-4E17-B80B-E0E28AA1044C}.Debug|Any CPU.Build.0 = Debug|Any CPU
		{4369975F-8FF3-4E17-B80B-E0E28AA1044C}.Release|Any CPU.ActiveCfg = Release|Any CPU
		{4369975F-8FF3-4E17-B80B-E0E28AA1044C}.Release|Any CPU.Build.0 = Release|Any CPU
	EndGlobalSection
	GlobalSection(SolutionProperties) = preSolution
		HideSolutionNode = FALSE
	EndGlobalSection
EndGlobal
